
Microsoft Visual Studio Solution File, Format Version 12.00
# Visual Studio Version 16
VisualStudioVersion = 16.0.31702.278
MinimumVisualStudioVersion = 10.0.40219.1
Project("{2150E333-8FDC-42A3-9474-1A3956D46DE8}") = "Solution Items", "Solution Items", "{56FBC6D8-C3AB-4467-8196-D52E7EA508E8}"
	ProjectSection(SolutionItems) = preProject
		.gitignore = .gitignore
		Directory.Build.props = Directory.Build.props
		Directory.Build.targets = Directory.Build.targets
		NuGet.Config = NuGet.Config
	EndProjectSection
EndProject
Project("{9A19103F-16F7-4668-BE54-9A1E7A4F7556}") = "TLDAG.Libraries.Core", "TLDAG.Libraries.Core\TLDAG.Libraries.Core.csproj", "{941E0A90-AA9C-43EA-B92C-465E568FA1D6}"
EndProject
Project("{9A19103F-16F7-4668-BE54-9A1E7A4F7556}") = "TLDAG.Libraries.NuGet.Tests", "TLDAG.Libraries.NuGet.Tests\TLDAG.Libraries.NuGet.Tests.csproj", "{BFF4C204-C42A-4B1F-A829-A68143D6087D}"
EndProject
Project("{9A19103F-16F7-4668-BE54-9A1E7A4F7556}") = "TLDAG.Libraries.CodeGen", "TLDAG.Libraries.CodeGen\TLDAG.Libraries.CodeGen.csproj", "{94545F2D-3093-45F5-B923-EA9D61EB1D70}"
EndProject
Project("{9A19103F-16F7-4668-BE54-9A1E7A4F7556}") = "TLDAG.Libraries.CodeGen.Tests", "TLDAG.Libraries.CodeGen.Tests\TLDAG.Libraries.CodeGen.Tests.csproj", "{ADB660D8-6F10-4B27-B3C6-556986C12A3E}"
EndProject
Project("{9A19103F-16F7-4668-BE54-9A1E7A4F7556}") = "TLDAG.Core", "TLDAG.Core\TLDAG.Core.csproj", "{F8CA2DB8-5244-41BD-9A56-6B26F3B61C1B}"
EndProject
Project("{9A19103F-16F7-4668-BE54-9A1E7A4F7556}") = "TLDAG.Core.Tests", "TLDAG.Core.Tests\TLDAG.Core.Tests.csproj", "{B46F8CD8-8450-4A93-AB55-B9D214E08BC0}"
EndProject
Project("{9A19103F-16F7-4668-BE54-9A1E7A4F7556}") = "TLDAG.Commands", "TLDAG.Commands\TLDAG.Commands.csproj", "{E2DDAB71-FB4B-4602-AE91-121CF09138B1}"
EndProject
Project("{9A19103F-16F7-4668-BE54-9A1E7A4F7556}") = "TLDAG.Commands.Tests", "TLDAG.Commands.Tests\TLDAG.Commands.Tests.csproj", "{FA27A60E-6546-4298-B356-6768028C47EE}"
EndProject
Project("{FAE04EC0-301F-11D3-BF4B-00C04F79EFBC}") = "TLDAG.Automation", "TLDAG.Automation\TLDAG.Automation.csproj", "{E437DC8E-FD46-4A5E-90AB-7F3471A96ED2}"
EndProject
Global
	GlobalSection(SolutionConfigurationPlatforms) = preSolution
		Debug|Any CPU = Debug|Any CPU
		Release|Any CPU = Release|Any CPU
	EndGlobalSection
	GlobalSection(ProjectConfigurationPlatforms) = postSolution
		{941E0A90-AA9C-43EA-B92C-465E568FA1D6}.Debug|Any CPU.ActiveCfg = Debug|Any CPU
		{941E0A90-AA9C-43EA-B92C-465E568FA1D6}.Debug|Any CPU.Build.0 = Debug|Any CPU
		{941E0A90-AA9C-43EA-B92C-465E568FA1D6}.Release|Any CPU.ActiveCfg = Release|Any CPU
		{941E0A90-AA9C-43EA-B92C-465E568FA1D6}.Release|Any CPU.Build.0 = Release|Any CPU
		{BFF4C204-C42A-4B1F-A829-A68143D6087D}.Debug|Any CPU.ActiveCfg = Debug|Any CPU
		{BFF4C204-C42A-4B1F-A829-A68143D6087D}.Debug|Any CPU.Build.0 = Debug|Any CPU
		{BFF4C204-C42A-4B1F-A829-A68143D6087D}.Release|Any CPU.ActiveCfg = Release|Any CPU
		{BFF4C204-C42A-4B1F-A829-A68143D6087D}.Release|Any CPU.Build.0 = Release|Any CPU
		{94545F2D-3093-45F5-B923-EA9D61EB1D70}.Debug|Any CPU.ActiveCfg = Debug|Any CPU
		{94545F2D-3093-45F5-B923-EA9D61EB1D70}.Debug|Any CPU.Build.0 = Debug|Any CPU
		{94545F2D-3093-45F5-B923-EA9D61EB1D70}.Release|Any CPU.ActiveCfg = Release|Any CPU
		{94545F2D-3093-45F5-B923-EA9D61EB1D70}.Release|Any CPU.Build.0 = Release|Any CPU
		{ADB660D8-6F10-4B27-B3C6-556986C12A3E}.Debug|Any CPU.ActiveCfg = Debug|Any CPU
		{ADB660D8-6F10-4B27-B3C6-556986C12A3E}.Debug|Any CPU.Build.0 = Debug|Any CPU
		{ADB660D8-6F10-4B27-B3C6-556986C12A3E}.Release|Any CPU.ActiveCfg = Release|Any CPU
		{ADB660D8-6F10-4B27-B3C6-556986C12A3E}.Release|Any CPU.Build.0 = Release|Any CPU
		{F8CA2DB8-5244-41BD-9A56-6B26F3B61C1B}.Debug|Any CPU.ActiveCfg = Debug|Any CPU
		{F8CA2DB8-5244-41BD-9A56-6B26F3B61C1B}.Debug|Any CPU.Build.0 = Debug|Any CPU
		{F8CA2DB8-5244-41BD-9A56-6B26F3B61C1B}.Release|Any CPU.ActiveCfg = Release|Any CPU
		{F8CA2DB8-5244-41BD-9A56-6B26F3B61C1B}.Release|Any CPU.Build.0 = Release|Any CPU
		{B46F8CD8-8450-4A93-AB55-B9D214E08BC0}.Debug|Any CPU.ActiveCfg = Debug|Any CPU
		{B46F8CD8-8450-4A93-AB55-B9D214E08BC0}.Debug|Any CPU.Build.0 = Debug|Any CPU
		{B46F8CD8-8450-4A93-AB55-B9D214E08BC0}.Release|Any CPU.ActiveCfg = Release|Any CPU
		{B46F8CD8-8450-4A93-AB55-B9D214E08BC0}.Release|Any CPU.Build.0 = Release|Any CPU
		{E2DDAB71-FB4B-4602-AE91-121CF09138B1}.Debug|Any CPU.ActiveCfg = Debug|Any CPU
		{E2DDAB71-FB4B-4602-AE91-121CF09138B1}.Debug|Any CPU.Build.0 = Debug|Any CPU
		{E2DDAB71-FB4B-4602-AE91-121CF09138B1}.Release|Any CPU.ActiveCfg = Release|Any CPU
		{E2DDAB71-FB4B-4602-AE91-121CF09138B1}.Release|Any CPU.Build.0 = Release|Any CPU
		{FA27A60E-6546-4298-B356-6768028C47EE}.Debug|Any CPU.ActiveCfg = Debug|Any CPU
		{FA27A60E-6546-4298-B356-6768028C47EE}.Debug|Any CPU.Build.0 = Debug|Any CPU
		{FA27A60E-6546-4298-B356-6768028C47EE}.Release|Any CPU.ActiveCfg = Release|Any CPU
		{FA27A60E-6546-4298-B356-6768028C47EE}.Release|Any CPU.Build.0 = Release|Any CPU
		{E437DC8E-FD46-4A5E-90AB-7F3471A96ED2}.Debug|Any CPU.ActiveCfg = Debug|Any CPU
		{E437DC8E-FD46-4A5E-90AB-7F3471A96ED2}.Debug|Any CPU.Build.0 = Debug|Any CPU
		{E437DC8E-FD46-4A5E-90AB-7F3471A96ED2}.Release|Any CPU.ActiveCfg = Release|Any CPU
		{E437DC8E-FD46-4A5E-90AB-7F3471A96ED2}.Release|Any CPU.Build.0 = Release|Any CPU
	EndGlobalSection
	GlobalSection(SolutionProperties) = preSolution
		HideSolutionNode = FALSE
	EndGlobalSection
	GlobalSection(ExtensibilityGlobals) = postSolution
		SolutionGuid = {C3BDF399-4F69-48AE-96D7-C67527618F70}
	EndGlobalSection
EndGlobal
