
Microsoft Visual Studio Solution File, Format Version 12.00
# Visual Studio Version 16
VisualStudioVersion = 16.0.31702.278
MinimumVisualStudioVersion = 10.0.40219.1
Project("{2150E333-8FDC-42A3-9474-1A3956D46DE8}") = "Solution Items", "Solution Items", "{56FBC6D8-C3AB-4467-8196-D52E7EA508E8}"
	ProjectSection(SolutionItems) = preProject
		.gitignore = .gitignore
		eng\Build-TldagDotnet.ps1 = eng\Build-TldagDotnet.ps1
		Directory.Build.props = Directory.Build.props
		Directory.Build.targets = Directory.Build.targets
		global.json = global.json
		NuGet.Config = NuGet.Config
		setup.ps1 = setup.ps1
	EndProjectSection
EndProject
Project("{9A19103F-16F7-4668-BE54-9A1E7A4F7556}") = "TLDAG.Libraries.Core", "TLDAG.Libraries.Core\TLDAG.Libraries.Core.csproj", "{941E0A90-AA9C-43EA-B92C-465E568FA1D6}"
EndProject
Project("{9A19103F-16F7-4668-BE54-9A1E7A4F7556}") = "TLDAG.Core", "TLDAG.Core\TLDAG.Core.csproj", "{F8CA2DB8-5244-41BD-9A56-6B26F3B61C1B}"
EndProject
Project("{9A19103F-16F7-4668-BE54-9A1E7A4F7556}") = "TLDAG.Core.Tests", "TLDAG.Core.Tests\TLDAG.Core.Tests.csproj", "{B46F8CD8-8450-4A93-AB55-B9D214E08BC0}"
EndProject
Project("{9A19103F-16F7-4668-BE54-9A1E7A4F7556}") = "TLDAG.Commands", "TLDAG.Commands\TLDAG.Commands.csproj", "{E2DDAB71-FB4B-4602-AE91-121CF09138B1}"
EndProject
Project("{9A19103F-16F7-4668-BE54-9A1E7A4F7556}") = "TLDAG.Commands.Tests", "TLDAG.Commands.Tests\TLDAG.Commands.Tests.csproj", "{FA27A60E-6546-4298-B356-6768028C47EE}"
EndProject
Project("{9A19103F-16F7-4668-BE54-9A1E7A4F7556}") = "TLDAG.Automation", "TLDAG.Automation\TLDAG.Automation.csproj", "{E437DC8E-FD46-4A5E-90AB-7F3471A96ED2}"
EndProject
Project("{9A19103F-16F7-4668-BE54-9A1E7A4F7556}") = "TLDAG.Build", "TLDAG.Build\TLDAG.Build.csproj", "{2ADC8158-43D2-489A-9E4B-C91741FD67C6}"
EndProject
Project("{9A19103F-16F7-4668-BE54-9A1E7A4F7556}") = "TLDAG.Build.Tests", "TLDAG.Build.Tests\TLDAG.Build.Tests.csproj", "{6CE9F75E-E59E-4885-B88A-797C508CA3E3}"
EndProject
Project("{9A19103F-16F7-4668-BE54-9A1E7A4F7556}") = "TLDAG.Sdk", "TLDAG.Sdk\TLDAG.Sdk.csproj", "{7C9321E2-0C9E-4977-8E67-143C656CC488}"
EndProject
Project("{9A19103F-16F7-4668-BE54-9A1E7A4F7556}") = "TLDAG.Sdk.Tests", "TLDAG.Sdk.Tests\TLDAG.Sdk.Tests.csproj", "{F94E9280-9EA8-45DB-82E0-64E3845B075A}"
EndProject
Global
	GlobalSection(SolutionConfigurationPlatforms) = preSolution
		Debug|Any CPU = Debug|Any CPU
		Release|Any CPU = Release|Any CPU
	EndGlobalSection
	GlobalSection(ProjectConfigurationPlatforms) = postSolution
		{941E0A90-AA9C-43EA-B92C-465E568FA1D6}.Debug|Any CPU.ActiveCfg = Debug|Any CPU
		{941E0A90-AA9C-43EA-B92C-465E568FA1D6}.Debug|Any CPU.Build.0 = Debug|Any CPU
		{941E0A90-AA9C-43EA-B92C-465E568FA1D6}.Release|Any CPU.ActiveCfg = Release|Any CPU
		{941E0A90-AA9C-43EA-B92C-465E568FA1D6}.Release|Any CPU.Build.0 = Release|Any CPU
		{F8CA2DB8-5244-41BD-9A56-6B26F3B61C1B}.Debug|Any CPU.ActiveCfg = Debug|Any CPU
		{F8CA2DB8-5244-41BD-9A56-6B26F3B61C1B}.Debug|Any CPU.Build.0 = Debug|Any CPU
		{F8CA2DB8-5244-41BD-9A56-6B26F3B61C1B}.Release|Any CPU.ActiveCfg = Release|Any CPU
		{F8CA2DB8-5244-41BD-9A56-6B26F3B61C1B}.Release|Any CPU.Build.0 = Release|Any CPU
		{B46F8CD8-8450-4A93-AB55-B9D214E08BC0}.Debug|Any CPU.ActiveCfg = Debug|Any CPU
		{B46F8CD8-8450-4A93-AB55-B9D214E08BC0}.Debug|Any CPU.Build.0 = Debug|Any CPU
		{B46F8CD8-8450-4A93-AB55-B9D214E08BC0}.Release|Any CPU.ActiveCfg = Release|Any CPU
		{B46F8CD8-8450-4A93-AB55-B9D214E08BC0}.Release|Any CPU.Build.0 = Release|Any CPU
		{E2DDAB71-FB4B-4602-AE91-121CF09138B1}.Debug|Any CPU.ActiveCfg = Debug|Any CPU
		{E2DDAB71-FB4B-4602-AE91-121CF09138B1}.Debug|Any CPU.Build.0 = Debug|Any CPU
		{E2DDAB71-FB4B-4602-AE91-121CF09138B1}.Release|Any CPU.ActiveCfg = Release|Any CPU
		{E2DDAB71-FB4B-4602-AE91-121CF09138B1}.Release|Any CPU.Build.0 = Release|Any CPU
		{FA27A60E-6546-4298-B356-6768028C47EE}.Debug|Any CPU.ActiveCfg = Debug|Any CPU
		{FA27A60E-6546-4298-B356-6768028C47EE}.Debug|Any CPU.Build.0 = Debug|Any CPU
		{FA27A60E-6546-4298-B356-6768028C47EE}.Release|Any CPU.ActiveCfg = Release|Any CPU
		{FA27A60E-6546-4298-B356-6768028C47EE}.Release|Any CPU.Build.0 = Release|Any CPU
		{E437DC8E-FD46-4A5E-90AB-7F3471A96ED2}.Debug|Any CPU.ActiveCfg = Debug|Any CPU
		{E437DC8E-FD46-4A5E-90AB-7F3471A96ED2}.Debug|Any CPU.Build.0 = Debug|Any CPU
		{E437DC8E-FD46-4A5E-90AB-7F3471A96ED2}.Release|Any CPU.ActiveCfg = Release|Any CPU
		{E437DC8E-FD46-4A5E-90AB-7F3471A96ED2}.Release|Any CPU.Build.0 = Release|Any CPU
		{2ADC8158-43D2-489A-9E4B-C91741FD67C6}.Debug|Any CPU.ActiveCfg = Debug|Any CPU
		{2ADC8158-43D2-489A-9E4B-C91741FD67C6}.Debug|Any CPU.Build.0 = Debug|Any CPU
		{2ADC8158-43D2-489A-9E4B-C91741FD67C6}.Release|Any CPU.ActiveCfg = Release|Any CPU
		{2ADC8158-43D2-489A-9E4B-C91741FD67C6}.Release|Any CPU.Build.0 = Release|Any CPU
		{6CE9F75E-E59E-4885-B88A-797C508CA3E3}.Debug|Any CPU.ActiveCfg = Debug|Any CPU
		{6CE9F75E-E59E-4885-B88A-797C508CA3E3}.Debug|Any CPU.Build.0 = Debug|Any CPU
		{6CE9F75E-E59E-4885-B88A-797C508CA3E3}.Release|Any CPU.ActiveCfg = Release|Any CPU
		{6CE9F75E-E59E-4885-B88A-797C508CA3E3}.Release|Any CPU.Build.0 = Release|Any CPU
		{7C9321E2-0C9E-4977-8E67-143C656CC488}.Debug|Any CPU.ActiveCfg = Debug|Any CPU
		{7C9321E2-0C9E-4977-8E67-143C656CC488}.Debug|Any CPU.Build.0 = Debug|Any CPU
		{7C9321E2-0C9E-4977-8E67-143C656CC488}.Release|Any CPU.ActiveCfg = Release|Any CPU
		{7C9321E2-0C9E-4977-8E67-143C656CC488}.Release|Any CPU.Build.0 = Release|Any CPU
		{F94E9280-9EA8-45DB-82E0-64E3845B075A}.Debug|Any CPU.ActiveCfg = Debug|Any CPU
		{F94E9280-9EA8-45DB-82E0-64E3845B075A}.Debug|Any CPU.Build.0 = Debug|Any CPU
		{F94E9280-9EA8-45DB-82E0-64E3845B075A}.Release|Any CPU.ActiveCfg = Release|Any CPU
		{F94E9280-9EA8-45DB-82E0-64E3845B075A}.Release|Any CPU.Build.0 = Release|Any CPU
	EndGlobalSection
	GlobalSection(SolutionProperties) = preSolution
		HideSolutionNode = FALSE
	EndGlobalSection
	GlobalSection(ExtensibilityGlobals) = postSolution
		SolutionGuid = {C3BDF399-4F69-48AE-96D7-C67527618F70}
	EndGlobalSection
EndGlobal
