
Microsoft Visual Studio Solution File, Format Version 12.00
# Visual Studio Version 16
VisualStudioVersion = 16.0.31702.278
MinimumVisualStudioVersion = 10.0.40219.1
Project("{9A19103F-16F7-4668-BE54-9A1E7A4F7556}") = "TLDAG.PS", "TLDAG.PS\TLDAG.PS.csproj", "{0415228B-F5BC-45FE-8B11-05767040E814}"
EndProject
Project("{2150E333-8FDC-42A3-9474-1A3956D46DE8}") = "Solution Items", "Solution Items", "{56FBC6D8-C3AB-4467-8196-D52E7EA508E8}"
	ProjectSection(SolutionItems) = preProject
		.gitignore = .gitignore
		Directory.Build.props = Directory.Build.props
		Directory.Build.targets = Directory.Build.targets
		NuGet.Config = NuGet.Config
	EndProjectSection
EndProject
Project("{9A19103F-16F7-4668-BE54-9A1E7A4F7556}") = "TLDAG.Libs.PS.Tests", "TLDAG.Libs.PS.Tests\TLDAG.Libs.PS.Tests.csproj", "{49C031E6-C9E9-475D-90BD-0FEE1F0FEFA0}"
EndProject
Project("{9A19103F-16F7-4668-BE54-9A1E7A4F7556}") = "TLDAG.Libraries.Core", "TLDAG.Libraries.Core\TLDAG.Libraries.Core.csproj", "{941E0A90-AA9C-43EA-B92C-465E568FA1D6}"
EndProject
Project("{9A19103F-16F7-4668-BE54-9A1E7A4F7556}") = "TLDAG.Libraries.Core.Tests", "TLDAG.Libraries.Core.Tests\TLDAG.Libraries.Core.Tests.csproj", "{4B99A8BD-DFD6-4CB8-B3E5-18E1E7AC3138}"
EndProject
Project("{FAE04EC0-301F-11D3-BF4B-00C04F79EFBC}") = "TLDAG.Libraries.NuGet.Tests", "TLDAG.Libraries.NuGet.Tests\TLDAG.Libraries.NuGet.Tests.csproj", "{BFF4C204-C42A-4B1F-A829-A68143D6087D}"
EndProject
Global
	GlobalSection(SolutionConfigurationPlatforms) = preSolution
		Debug|Any CPU = Debug|Any CPU
		Release|Any CPU = Release|Any CPU
	EndGlobalSection
	GlobalSection(ProjectConfigurationPlatforms) = postSolution
		{0415228B-F5BC-45FE-8B11-05767040E814}.Debug|Any CPU.ActiveCfg = Debug|Any CPU
		{0415228B-F5BC-45FE-8B11-05767040E814}.Debug|Any CPU.Build.0 = Debug|Any CPU
		{0415228B-F5BC-45FE-8B11-05767040E814}.Release|Any CPU.ActiveCfg = Release|Any CPU
		{0415228B-F5BC-45FE-8B11-05767040E814}.Release|Any CPU.Build.0 = Release|Any CPU
		{49C031E6-C9E9-475D-90BD-0FEE1F0FEFA0}.Debug|Any CPU.ActiveCfg = Debug|Any CPU
		{49C031E6-C9E9-475D-90BD-0FEE1F0FEFA0}.Debug|Any CPU.Build.0 = Debug|Any CPU
		{49C031E6-C9E9-475D-90BD-0FEE1F0FEFA0}.Release|Any CPU.ActiveCfg = Release|Any CPU
		{49C031E6-C9E9-475D-90BD-0FEE1F0FEFA0}.Release|Any CPU.Build.0 = Release|Any CPU
		{941E0A90-AA9C-43EA-B92C-465E568FA1D6}.Debug|Any CPU.ActiveCfg = Debug|Any CPU
		{941E0A90-AA9C-43EA-B92C-465E568FA1D6}.Debug|Any CPU.Build.0 = Debug|Any CPU
		{941E0A90-AA9C-43EA-B92C-465E568FA1D6}.Release|Any CPU.ActiveCfg = Release|Any CPU
		{941E0A90-AA9C-43EA-B92C-465E568FA1D6}.Release|Any CPU.Build.0 = Release|Any CPU
		{4B99A8BD-DFD6-4CB8-B3E5-18E1E7AC3138}.Debug|Any CPU.ActiveCfg = Debug|Any CPU
		{4B99A8BD-DFD6-4CB8-B3E5-18E1E7AC3138}.Debug|Any CPU.Build.0 = Debug|Any CPU
		{4B99A8BD-DFD6-4CB8-B3E5-18E1E7AC3138}.Release|Any CPU.ActiveCfg = Release|Any CPU
		{4B99A8BD-DFD6-4CB8-B3E5-18E1E7AC3138}.Release|Any CPU.Build.0 = Release|Any CPU
		{BFF4C204-C42A-4B1F-A829-A68143D6087D}.Debug|Any CPU.ActiveCfg = Debug|Any CPU
		{BFF4C204-C42A-4B1F-A829-A68143D6087D}.Debug|Any CPU.Build.0 = Debug|Any CPU
		{BFF4C204-C42A-4B1F-A829-A68143D6087D}.Release|Any CPU.ActiveCfg = Release|Any CPU
		{BFF4C204-C42A-4B1F-A829-A68143D6087D}.Release|Any CPU.Build.0 = Release|Any CPU
	EndGlobalSection
	GlobalSection(SolutionProperties) = preSolution
		HideSolutionNode = FALSE
	EndGlobalSection
	GlobalSection(ExtensibilityGlobals) = postSolution
		SolutionGuid = {C3BDF399-4F69-48AE-96D7-C67527618F70}
	EndGlobalSection
EndGlobal
